// !$*UTF8*$!
{
	archiveVersion = 1;
	classes = {
	};
	objectVersion = 46;
	objects = {

/* Begin PBXBuildFile section */
		3C129C751F3F6EFB001CCD5D /* PlaySoundsViewController.swift in Sources */ = {isa = PBXBuildFile; fileRef = 3C129C741F3F6EFB001CCD5D /* PlaySoundsViewController.swift */; };
		3C129C7A1F3FF512001CCD5D /* PlaySoundsViewController-Audio.swift in Sources */ = {isa = PBXBuildFile; fileRef = 3C129C791F3FF512001CCD5D /* PlaySoundsViewController-Audio.swift */; };
		3C178B551F3EB16300515B09 /* AppDelegate.swift in Sources */ = {isa = PBXBuildFile; fileRef = 3C178B541F3EB16300515B09 /* AppDelegate.swift */; };
		3C178B571F3EB16300515B09 /* RecordSoundsViewController.swift in Sources */ = {isa = PBXBuildFile; fileRef = 3C178B561F3EB16300515B09 /* RecordSoundsViewController.swift */; };
		3C178B5A1F3EB16300515B09 /* Main.storyboard in Resources */ = {isa = PBXBuildFile; fileRef = 3C178B581F3EB16300515B09 /* Main.storyboard */; };
		3C178B5C1F3EB16300515B09 /* Assets.xcassets in Resources */ = {isa = PBXBuildFile; fileRef = 3C178B5B1F3EB16300515B09 /* Assets.xcassets */; };
		3C178B5F1F3EB16300515B09 /* LaunchScreen.storyboard in Resources */ = {isa = PBXBuildFile; fileRef = 3C178B5D1F3EB16300515B09 /* LaunchScreen.storyboard */; };
/* End PBXBuildFile section */

/* Begin PBXFileReference section */
		3C129C741F3F6EFB001CCD5D /* PlaySoundsViewController.swift */ = {isa = PBXFileReference; fileEncoding = 4; lastKnownFileType = sourcecode.swift; path = PlaySoundsViewController.swift; sourceTree = "<group>"; };
		3C129C791F3FF512001CCD5D /* PlaySoundsViewController-Audio.swift */ = {isa = PBXFileReference; fileEncoding = 4; lastKnownFileType = sourcecode.swift; path = "PlaySoundsViewController-Audio.swift"; sourceTree = "<group>"; };
		3C178B511F3EB16300515B09 /* PitchPerfect.app */ = {isa = PBXFileReference; explicitFileType = wrapper.application; includeInIndex = 0; path = PitchPerfect.app; sourceTree = BUILT_PRODUCTS_DIR; };
		3C178B541F3EB16300515B09 /* AppDelegate.swift */ = {isa = PBXFileReference; lastKnownFileType = sourcecode.swift; path = AppDelegate.swift; sourceTree = "<group>"; };
		3C178B561F3EB16300515B09 /* RecordSoundsViewController.swift */ = {isa = PBXFileReference; lastKnownFileType = sourcecode.swift; path = RecordSoundsViewController.swift; sourceTree = "<group>"; };
		3C178B591F3EB16300515B09 /* Base */ = {isa = PBXFileReference; lastKnownFileType = file.storyboard; name = Base; path = Base.lproj/Main.storyboard; sourceTree = "<group>"; };
		3C178B5B1F3EB16300515B09 /* Assets.xcassets */ = {isa = PBXFileReference; lastKnownFileType = folder.assetcatalog; path = Assets.xcassets; sourceTree = "<group>"; };
		3C178B5E1F3EB16300515B09 /* Base */ = {isa = PBXFileReference; lastKnownFileType = file.storyboard; name = Base; path = Base.lproj/LaunchScreen.storyboard; sourceTree = "<group>"; };
		3C178B601F3EB16300515B09 /* Info.plist */ = {isa = PBXFileReference; lastKnownFileType = text.plist.xml; path = Info.plist; sourceTree = "<group>"; };
/* End PBXFileReference section */

/* Begin PBXFrameworksBuildPhase section */
		3C178B4E1F3EB16300515B09 /* Frameworks */ = {
			isa = PBXFrameworksBuildPhase;
			buildActionMask = 2147483647;
			files = (
			);
			runOnlyForDeploymentPostprocessing = 0;
		};
/* End PBXFrameworksBuildPhase section */

/* Begin PBXGroup section */
		3C129C761F3F6F13001CCD5D /* Controller */ = {
			isa = PBXGroup;
			children = (
				3C178B561F3EB16300515B09 /* RecordSoundsViewController.swift */,
				3C129C741F3F6EFB001CCD5D /* PlaySoundsViewController.swift */,
				3C129C791F3FF512001CCD5D /* PlaySoundsViewController-Audio.swift */,
			);
			name = Controller;
			sourceTree = "<group>";
		};
		3C129C771F3F6F2F001CCD5D /* Interface */ = {
			isa = PBXGroup;
			children = (
				3C178B581F3EB16300515B09 /* Main.storyboard */,
				3C178B5D1F3EB16300515B09 /* LaunchScreen.storyboard */,
			);
			name = Interface;
			sourceTree = "<group>";
		};
		3C129C781F3F6F58001CCD5D /* Resources */ = {
			isa = PBXGroup;
			children = (
				3C178B5B1F3EB16300515B09 /* Assets.xcassets */,
				3C178B601F3EB16300515B09 /* Info.plist */,
			);
			name = Resources;
			sourceTree = "<group>";
		};
		3C178B481F3EB16300515B09 = {
			isa = PBXGroup;
			children = (
				3C178B531F3EB16300515B09 /* PitchPerfect */,
				3C178B521F3EB16300515B09 /* Products */,
			);
			sourceTree = "<group>";
		};
		3C178B521F3EB16300515B09 /* Products */ = {
			isa = PBXGroup;
			children = (
				3C178B511F3EB16300515B09 /* PitchPerfect.app */,
			);
			name = Products;
			sourceTree = "<group>";
		};
		3C178B531F3EB16300515B09 /* PitchPerfect */ = {
			isa = PBXGroup;
			children = (
				3C178B541F3EB16300515B09 /* AppDelegate.swift */,
				3C129C761F3F6F13001CCD5D /* Controller */,
				3C129C771F3F6F2F001CCD5D /* Interface */,
				3C129C781F3F6F58001CCD5D /* Resources */,
			);
			path = PitchPerfect;
			sourceTree = "<group>";
		};
/* End PBXGroup section */

/* Begin PBXNativeTarget section */
		3C178B501F3EB16300515B09 /* PitchPerfect */ = {
			isa = PBXNativeTarget;
			buildConfigurationList = 3C178B631F3EB16300515B09 /* Build configuration list for PBXNativeTarget "PitchPerfect" */;
			buildPhases = (
				3C178B4D1F3EB16300515B09 /* Sources */,
				3C178B4E1F3EB16300515B09 /* Frameworks */,
				3C178B4F1F3EB16300515B09 /* Resources */,
			);
			buildRules = (
			);
			dependencies = (
			);
			name = PitchPerfect;
			productName = PitchPerfect;
			productReference = 3C178B511F3EB16300515B09 /* PitchPerfect.app */;
			productType = "com.apple.product-type.application";
		};
/* End PBXNativeTarget section */

/* Begin PBXProject section */
		3C178B491F3EB16300515B09 /* Project object */ = {
			isa = PBXProject;
			attributes = {
				LastSwiftUpdateCheck = 0830;
				LastUpgradeCheck = 0830;
				ORGANIZATIONNAME = Cotery;
				TargetAttributes = {
					3C178B501F3EB16300515B09 = {
						CreatedOnToolsVersion = 8.3.3;
						DevelopmentTeam = KFNAAK48FE;
						ProvisioningStyle = Automatic;
					};
				};
			};
			buildConfigurationList = 3C178B4C1F3EB16300515B09 /* Build configuration list for PBXProject "PitchPerfect" */;
			compatibilityVersion = "Xcode 3.2";
			developmentRegion = English;
			hasScannedForEncodings = 0;
			knownRegions = (
				en,
				Base,
			);
			mainGroup = 3C178B481F3EB16300515B09;
			productRefGroup = 3C178B521F3EB16300515B09 /* Products */;
			projectDirPath = "";
			projectRoot = "";
			targets = (
				3C178B501F3EB16300515B09 /* PitchPerfect */,
			);
		};
/* End PBXProject section */

/* Begin PBXResourcesBuildPhase section */
		3C178B4F1F3EB16300515B09 /* Resources */ = {
			isa = PBXResourcesBuildPhase;
			buildActionMask = 2147483647;
			files = (
				3C178B5F1F3EB16300515B09 /* LaunchScreen.storyboard in Resources */,
				3C178B5C1F3EB16300515B09 /* Assets.xcassets in Resources */,
				3C178B5A1F3EB16300515B09 /* Main.storyboard in Resources */,
			);
			runOnlyForDeploymentPostprocessing = 0;
		};
/* End PBXResourcesBuildPhase section */

/* Begin PBXSourcesBuildPhase section */
		3C178B4D1F3EB16300515B09 /* Sources */ = {
			isa = PBXSourcesBuildPhase;
			buildActionMask = 2147483647;
			files = (
				3C178B571F3EB16300515B09 /* RecordSoundsViewController.swift in Sources */,
				3C129C751F3F6EFB001CCD5D /* PlaySoundsViewController.swift in Sources */,
				3C178B551F3EB16300515B09 /* AppDelegate.swift in Sources */,
				3C129C7A1F3FF512001CCD5D /* PlaySoundsViewController-Audio.swift in Sources */,
			);
			runOnlyForDeploymentPostprocessing = 0;
		};
/* End PBXSourcesBuildPhase section */

/* Begin PBXVariantGroup section */
		3C178B581F3EB16300515B09 /* Main.storyboard */ = {
			isa = PBXVariantGroup;
			children = (
				3C178B591F3EB16300515B09 /* Base */,
			);
			name = Main.storyboard;
			sourceTree = "<group>";
		};
		3C178B5D1F3EB16300515B09 /* LaunchScreen.storyboard */ = {
			isa = PBXVariantGroup;
			children = (
				3C178B5E1F3EB16300515B09 /* Base */,
			);
			name = LaunchScreen.storyboard;
			sourceTree = "<group>";
		};
/* End PBXVariantGroup section */

/* Begin XCBuildConfiguration section */
		3C178B611F3EB16300515B09 /* Debug */ = {
			isa = XCBuildConfiguration;
			buildSettings = {
				ALWAYS_SEARCH_USER_PATHS = NO;
				CLANG_ANALYZER_NONNULL = YES;
				CLANG_ANALYZER_NUMBER_OBJECT_CONVERSION = YES_AGGRESSIVE;
				CLANG_CXX_LANGUAGE_STANDARD = "gnu++0x";
				CLANG_CXX_LIBRARY = "libc++";
				CLANG_ENABLE_MODULES = YES;
				CLANG_ENABLE_OBJC_ARC = YES;
				CLANG_WARN_BOOL_CONVERSION = YES;
				CLANG_WARN_CONSTANT_CONVERSION = YES;
				CLANG_WARN_DIRECT_OBJC_ISA_USAGE = YES_ERROR;
				CLANG_WARN_DOCUMENTATION_COMMENTS = YES;
				CLANG_WARN_EMPTY_BODY = YES;
				CLANG_WARN_ENUM_CONVERSION = YES;
				CLANG_WARN_INFINITE_RECURSION = YES;
				CLANG_WARN_INT_CONVERSION = YES;
				CLANG_WARN_OBJC_ROOT_CLASS = YES_ERROR;
				CLANG_WARN_SUSPICIOUS_MOVE = YES;
				CLANG_WARN_UNREACHABLE_CODE = YES;
				CLANG_WARN__DUPLICATE_METHOD_MATCH = YES;
				"CODE_SIGN_IDENTITY[sdk=iphoneos*]" = "iPhone Developer";
				COPY_PHASE_STRIP = NO;
				DEBUG_INFORMATION_FORMAT = dwarf;
				ENABLE_STRICT_OBJC_MSGSEND = YES;
				ENABLE_TESTABILITY = YES;
				GCC_C_LANGUAGE_STANDARD = gnu99;
				GCC_DYNAMIC_NO_PIC = NO;
				GCC_NO_COMMON_BLOCKS = YES;
				GCC_OPTIMIZATION_LEVEL = 0;
				GCC_PREPROCESSOR_DEFINITIONS = (
					"DEBUG=1",
					"$(inherited)",
				);
				GCC_WARN_64_TO_32_BIT_CONVERSION = YES;
				GCC_WARN_ABOUT_RETURN_TYPE = YES_ERROR;
				GCC_WARN_UNDECLARED_SELECTOR = YES;
				GCC_WARN_UNINITIALIZED_AUTOS = YES_AGGRESSIVE;
				GCC_WARN_UNUSED_FUNCTION = YES;
				GCC_WARN_UNUSED_VARIABLE = YES;
				IPHONEOS_DEPLOYMENT_TARGET = 10.3;
				MTL_ENABLE_DEBUG_INFO = YES;
				ONLY_ACTIVE_ARCH = YES;
				SDKROOT = iphoneos;
				SWIFT_ACTIVE_COMPILATION_CONDITIONS = DEBUG;
				SWIFT_OPTIMIZATION_LEVEL = "-Onone";
				TARGETED_DEVICE_FAMILY = "1,2";
			};
			name = Debug;
		};
		3C178B621F3EB16300515B09 /* Release */ = {
			isa = XCBuildConfiguration;
			buildSettings = {
				ALWAYS_SEARCH_USER_PATHS = NO;
				CLANG_ANALYZER_NONNULL = YES;
				CLANG_ANALYZER_NUMBER_OBJECT_CONVERSION = YES_AGGRESSIVE;
				CLANG_CXX_LANGUAGE_STANDARD = "gnu++0x";
				CLANG_CXX_LIBRARY = "libc++";
				CLANG_ENABLE_MODULES = YES;
				CLANG_ENABLE_OBJC_ARC = YES;
				CLANG_WARN_BOOL_CONVERSION = YES;
				CLANG_WARN_CONSTANT_CONVERSION = YES;
				CLANG_WARN_DIRECT_OBJC_ISA_USAGE = YES_ERROR;
				CLANG_WARN_DOCUMENTATION_COMMENTS = YES;
				CLANG_WARN_EMPTY_BODY = YES;
				CLANG_WARN_ENUM_CONVERSION = YES;
				CLANG_WARN_INFINITE_RECURSION = YES;
				CLANG_WARN_INT_CONVERSION = YES;
				CLANG_WARN_OBJC_ROOT_CLASS = YES_ERROR;
				CLANG_WARN_SUSPICIOUS_MOVE = YES;
				CLANG_WARN_UNREACHABLE_CODE = YES;
				CLANG_WARN__DUPLICATE_METHOD_MATCH = YES;
				"CODE_SIGN_IDENTITY[sdk=iphoneos*]" = "iPhone Developer";
				COPY_PHASE_STRIP = NO;
				DEBUG_INFORMATION_FORMAT = "dwarf-with-dsym";
				ENABLE_NS_ASSERTIONS = NO;
				ENABLE_STRICT_OBJC_MSGSEND = YES;
				GCC_C_LANGUAGE_STANDARD = gnu99;
				GCC_NO_COMMON_BLOCKS = YES;
				GCC_WARN_64_TO_32_BIT_CONVERSION = YES;
				GCC_WARN_ABOUT_RETURN_TYPE = YES_ERROR;
				GCC_WARN_UNDECLARED_SELECTOR = YES;
				GCC_WARN_UNINITIALIZED_AUTOS = YES_AGGRESSIVE;
				GCC_WARN_UNUSED_FUNCTION = YES;
				GCC_WARN_UNUSED_VARIABLE = YES;
				IPHONEOS_DEPLOYMENT_TARGET = 10.3;
				MTL_ENABLE_DEBUG_INFO = NO;
				SDKROOT = iphoneos;
				SWIFT_OPTIMIZATION_LEVEL = "-Owholemodule";
				TARGETED_DEVICE_FAMILY = "1,2";
				VALIDATE_PRODUCT = YES;
			};
			name = Release;
		};
		3C178B641F3EB16300515B09 /* Debug */ = {
			isa = XCBuildConfiguration;
			buildSettings = {
				ASSETCATALOG_COMPILER_APPICON_NAME = AppIcon;
				DEVELOPMENT_TEAM = KFNAAK48FE;
				INFOPLIST_FILE = PitchPerfect/Info.plist;
				LD_RUNPATH_SEARCH_PATHS = "$(inherited) @executable_path/Frameworks";
				PRODUCT_BUNDLE_IDENTIFIER = com.cotery.PitchPerfect;
				PRODUCT_NAME = "$(TARGET_NAME)";
				SWIFT_VERSION = 3.0;
			};
			name = Debug;
		};
		3C178B651F3EB16300515B09 /* Release */ = {
			isa = XCBuildConfiguration;
			buildSettings = {
				ASSETCATALOG_COMPILER_APPICON_NAME = AppIcon;
				DEVELOPMENT_TEAM = KFNAAK48FE;
				INFOPLIST_FILE = PitchPerfect/Info.plist;
				LD_RUNPATH_SEARCH_PATHS = "$(inherited) @executable_path/Frameworks";
				PRODUCT_BUNDLE_IDENTIFIER = com.cotery.PitchPerfect;
				PRODUCT_NAME = "$(TARGET_NAME)";
				SWIFT_VERSION = 3.0;
			};
			name = Release;
		};
/* End XCBuildConfiguration section */

/* Begin XCConfigurationList section */
		3C178B4C1F3EB16300515B09 /* Build configuration list for PBXProject "PitchPerfect" */ = {
			isa = XCConfigurationList;
			buildConfigurations = (
				3C178B611F3EB16300515B09 /* Debug */,
				3C178B621F3EB16300515B09 /* Release */,
			);
			defaultConfigurationIsVisible = 0;
			defaultConfigurationName = Release;
		};
		3C178B631F3EB16300515B09 /* Build configuration list for PBXNativeTarget "PitchPerfect" */ = {
			isa = XCConfigurationList;
			buildConfigurations = (
				3C178B641F3EB16300515B09 /* Debug */,
				3C178B651F3EB16300515B09 /* Release */,
			);
			defaultConfigurationIsVisible = 0;
			defaultConfigurationName = Release;
		};
/* End XCConfigurationList section */
	};
	rootObject = 3C178B491F3EB16300515B09 /* Project object */;
}
